// !$*UTF8*$!
{
	archiveVersion = 1;
	classes = {
	};
	objectVersion = 50;
	objects = {

/* Begin PBXBuildFile section */
		04505473246EEB3F001C02B0 /* Util.cpp in Sources */ = {isa = PBXBuildFile; fileRef = 04505471246EEB3F001C02B0 /* Util.cpp */; };
		045C0F08246D579C00CFBBEA /* main.cpp in Sources */ = {isa = PBXBuildFile; fileRef = 045C0F07246D579C00CFBBEA /* main.cpp */; };
		045C0F10246D58C300CFBBEA /* Solution.cpp in Sources */ = {isa = PBXBuildFile; fileRef = 045C0F0E246D58C300CFBBEA /* Solution.cpp */; };
		045C0F15246D9EE600CFBBEA /* E-n22-k4.evrp in CopyFiles */ = {isa = PBXBuildFile; fileRef = 045C0F14246D9EE500CFBBEA /* E-n22-k4.evrp */; };
		0465D180247BC8A7006CE739 /* Customer.cpp in Sources */ = {isa = PBXBuildFile; fileRef = 0465D17E247BC8A7006CE739 /* Customer.cpp */; };
		0465D183247BD41B006CE739 /* Move.cpp in Sources */ = {isa = PBXBuildFile; fileRef = 0465D181247BD41B006CE739 /* Move.cpp */; };
		04A5E77E24715B73007B73DB /* E-n23-k3.evrp in CopyFiles */ = {isa = PBXBuildFile; fileRef = 04A5E77D24715B73007B73DB /* E-n23-k3.evrp */; };
		04A5E78024715C20007B73DB /* E-n23-k3.evrp in CopyFiles */ = {isa = PBXBuildFile; fileRef = 04A5E77F24715C20007B73DB /* E-n23-k3.evrp */; };
		04A5E78224715C54007B73DB /* E-n30-k3.evrp in CopyFiles */ = {isa = PBXBuildFile; fileRef = 04A5E78124715C54007B73DB /* E-n30-k3.evrp */; };
		04A5E78424715C6A007B73DB /* E-n33-k4.evrp in CopyFiles */ = {isa = PBXBuildFile; fileRef = 04A5E78324715C6A007B73DB /* E-n33-k4.evrp */; };
		04A5E78624715C8A007B73DB /* E-n51-k5.evrp in CopyFiles */ = {isa = PBXBuildFile; fileRef = 04A5E78524715C8A007B73DB /* E-n51-k5.evrp */; };
		04A5E78824715CA3007B73DB /* E-n76-k7.evrp in CopyFiles */ = {isa = PBXBuildFile; fileRef = 04A5E78724715CA3007B73DB /* E-n76-k7.evrp */; };
		04A5E78A24715CB7007B73DB /* E-n101-k8.evrp in CopyFiles */ = {isa = PBXBuildFile; fileRef = 04A5E78924715CB7007B73DB /* E-n101-k8.evrp */; };
		04F969F22473126800CF3B68 /* result.txt in CopyFiles */ = {isa = PBXBuildFile; fileRef = 04F969F12473126800CF3B68 /* result.txt */; };
/* End PBXBuildFile section */

/* Begin PBXCopyFilesBuildPhase section */
		045C0F02246D579C00CFBBEA /* CopyFiles */ = {
			isa = PBXCopyFilesBuildPhase;
			buildActionMask = 2147483647;
			dstPath = /usr/share/man/man1/;
			dstSubfolderSpec = 0;
			files = (
				04A5E77E24715B73007B73DB /* E-n23-k3.evrp in CopyFiles */,
			);
			runOnlyForDeploymentPostprocessing = 1;
		};
		045C0F13246D9E9F00CFBBEA /* CopyFiles */ = {
			isa = PBXCopyFilesBuildPhase;
			buildActionMask = 2147483647;
			dstPath = "";
			dstSubfolderSpec = 16;
			files = (
				04F969F22473126800CF3B68 /* result.txt in CopyFiles */,
				04A5E78A24715CB7007B73DB /* E-n101-k8.evrp in CopyFiles */,
				04A5E78824715CA3007B73DB /* E-n76-k7.evrp in CopyFiles */,
				04A5E78624715C8A007B73DB /* E-n51-k5.evrp in CopyFiles */,
				04A5E78424715C6A007B73DB /* E-n33-k4.evrp in CopyFiles */,
				04A5E78224715C54007B73DB /* E-n30-k3.evrp in CopyFiles */,
				04A5E78024715C20007B73DB /* E-n23-k3.evrp in CopyFiles */,
				045C0F15246D9EE600CFBBEA /* E-n22-k4.evrp in CopyFiles */,
			);
			runOnlyForDeploymentPostprocessing = 0;
		};
/* End PBXCopyFilesBuildPhase section */

/* Begin PBXFileReference section */
		04505471246EEB3F001C02B0 /* Util.cpp */ = {isa = PBXFileReference; lastKnownFileType = sourcecode.cpp.cpp; path = Util.cpp; sourceTree = "<group>"; };
		04505472246EEB3F001C02B0 /* Util.hpp */ = {isa = PBXFileReference; lastKnownFileType = sourcecode.cpp.h; path = Util.hpp; sourceTree = "<group>"; };
		045C0F04246D579C00CFBBEA /* EVRP_STD */ = {isa = PBXFileReference; explicitFileType = "compiled.mach-o.executable"; includeInIndex = 0; path = EVRP_STD; sourceTree = BUILT_PRODUCTS_DIR; };
		045C0F07246D579C00CFBBEA /* main.cpp */ = {isa = PBXFileReference; lastKnownFileType = sourcecode.cpp.cpp; path = main.cpp; sourceTree = "<group>"; };
		045C0F0E246D58C300CFBBEA /* Solution.cpp */ = {isa = PBXFileReference; lastKnownFileType = sourcecode.cpp.cpp; path = Solution.cpp; sourceTree = "<group>"; };
		045C0F0F246D58C300CFBBEA /* Solution.hpp */ = {isa = PBXFileReference; lastKnownFileType = sourcecode.cpp.h; path = Solution.hpp; sourceTree = "<group>"; };
		045C0F12246D9CE300CFBBEA /* E-n22-k4.evrp */ = {isa = PBXFileReference; fileEncoding = 4; lastKnownFileType = text; path = "E-n22-k4.evrp"; sourceTree = "<group>"; };
		045C0F14246D9EE500CFBBEA /* E-n22-k4.evrp */ = {isa = PBXFileReference; lastKnownFileType = text; name = "E-n22-k4.evrp"; path = "../../DA_TOT_NGHIEP/GA_EVRP/E-n22-k4.evrp"; sourceTree = "<group>"; };
		0465D17E247BC8A7006CE739 /* Customer.cpp */ = {isa = PBXFileReference; lastKnownFileType = sourcecode.cpp.cpp; path = Customer.cpp; sourceTree = "<group>"; };
		0465D17F247BC8A7006CE739 /* Customer.hpp */ = {isa = PBXFileReference; lastKnownFileType = sourcecode.cpp.h; path = Customer.hpp; sourceTree = "<group>"; };
		0465D181247BD41B006CE739 /* Move.cpp */ = {isa = PBXFileReference; lastKnownFileType = sourcecode.cpp.cpp; path = Move.cpp; sourceTree = "<group>"; };
		0465D182247BD41B006CE739 /* Move.hpp */ = {isa = PBXFileReference; lastKnownFileType = sourcecode.cpp.h; path = Move.hpp; sourceTree = "<group>"; };
		04A5E77D24715B73007B73DB /* E-n23-k3.evrp */ = {isa = PBXFileReference; lastKnownFileType = text; name = "E-n23-k3.evrp"; path = "../../DA_TOT_NGHIEP/GA_EVRP/E-n23-k3.evrp"; sourceTree = "<group>"; };
		04A5E77F24715C20007B73DB /* E-n23-k3.evrp */ = {isa = PBXFileReference; lastKnownFileType = text; name = "E-n23-k3.evrp"; path = "../../DA_TOT_NGHIEP/GA_EVRP/E-n23-k3.evrp"; sourceTree = "<group>"; };
		04A5E78124715C54007B73DB /* E-n30-k3.evrp */ = {isa = PBXFileReference; lastKnownFileType = text; name = "E-n30-k3.evrp"; path = "../../DA_TOT_NGHIEP/GA_EVRP/E-n30-k3.evrp"; sourceTree = "<group>"; };
		04A5E78324715C6A007B73DB /* E-n33-k4.evrp */ = {isa = PBXFileReference; lastKnownFileType = text; name = "E-n33-k4.evrp"; path = "../../DA_TOT_NGHIEP/GA_EVRP/E-n33-k4.evrp"; sourceTree = "<group>"; };
		04A5E78524715C8A007B73DB /* E-n51-k5.evrp */ = {isa = PBXFileReference; lastKnownFileType = text; name = "E-n51-k5.evrp"; path = "../../DA_TOT_NGHIEP/GA_EVRP/E-n51-k5.evrp"; sourceTree = "<group>"; };
		04A5E78724715CA3007B73DB /* E-n76-k7.evrp */ = {isa = PBXFileReference; lastKnownFileType = text; name = "E-n76-k7.evrp"; path = "../../DA_TOT_NGHIEP/GA_EVRP/E-n76-k7.evrp"; sourceTree = "<group>"; };
		04A5E78924715CB7007B73DB /* E-n101-k8.evrp */ = {isa = PBXFileReference; lastKnownFileType = text; path = "E-n101-k8.evrp"; sourceTree = "<group>"; };
		04F969F12473126800CF3B68 /* result.txt */ = {isa = PBXFileReference; lastKnownFileType = text; name = result.txt; path = ../../result.txt; sourceTree = "<group>"; };
		04F969F32473147700CF3B68 /* result.txt */ = {isa = PBXFileReference; lastKnownFileType = text; path = result.txt; sourceTree = "<group>"; };
		04F969F42473172300CF3B68 /* E-n30-k3.evrp */ = {isa = PBXFileReference; lastKnownFileType = text; path = "E-n30-k3.evrp"; sourceTree = "<group>"; };
		04F969F52473177600CF3B68 /* E-n33-k4.evrp */ = {isa = PBXFileReference; lastKnownFileType = text; path = "E-n33-k4.evrp"; sourceTree = "<group>"; };
		04F969F6247317FB00CF3B68 /* E-n51-k5.evrp */ = {isa = PBXFileReference; lastKnownFileType = text; path = "E-n51-k5.evrp"; sourceTree = "<group>"; };
		04F969F72473190B00CF3B68 /* E-n76-k7.evrp */ = {isa = PBXFileReference; lastKnownFileType = text; path = "E-n76-k7.evrp"; sourceTree = "<group>"; };
/* End PBXFileReference section */

/* Begin PBXFrameworksBuildPhase section */
		045C0F01246D579C00CFBBEA /* Frameworks */ = {
			isa = PBXFrameworksBuildPhase;
			buildActionMask = 2147483647;
			files = (
			);
			runOnlyForDeploymentPostprocessing = 0;
		};
/* End PBXFrameworksBuildPhase section */

/* Begin PBXGroup section */
		045C0EFB246D579C00CFBBEA = {
			isa = PBXGroup;
			children = (
				04F969F12473126800CF3B68 /* result.txt */,
				04A5E78724715CA3007B73DB /* E-n76-k7.evrp */,
				04A5E78524715C8A007B73DB /* E-n51-k5.evrp */,
				04A5E78324715C6A007B73DB /* E-n33-k4.evrp */,
				04A5E78124715C54007B73DB /* E-n30-k3.evrp */,
				04A5E77D24715B73007B73DB /* E-n23-k3.evrp */,
				04A5E77F24715C20007B73DB /* E-n23-k3.evrp */,
				045C0F14246D9EE500CFBBEA /* E-n22-k4.evrp */,
				045C0F06246D579C00CFBBEA /* EVRP_STD */,
				045C0F05246D579C00CFBBEA /* Products */,
			);
			sourceTree = "<group>";
		};
		045C0F05246D579C00CFBBEA /* Products */ = {
			isa = PBXGroup;
			children = (
				045C0F04246D579C00CFBBEA /* EVRP_STD */,
			);
			name = Products;
			sourceTree = "<group>";
		};
		045C0F06246D579C00CFBBEA /* EVRP_STD */ = {
			isa = PBXGroup;
			children = (
				045C0F07246D579C00CFBBEA /* main.cpp */,
				045C0F0E246D58C300CFBBEA /* Solution.cpp */,
				045C0F12246D9CE300CFBBEA /* E-n22-k4.evrp */,
				04A5E78924715CB7007B73DB /* E-n101-k8.evrp */,
				04F969F72473190B00CF3B68 /* E-n76-k7.evrp */,
				04F969F6247317FB00CF3B68 /* E-n51-k5.evrp */,
				04F969F52473177600CF3B68 /* E-n33-k4.evrp */,
				04F969F42473172300CF3B68 /* E-n30-k3.evrp */,
				045C0F0F246D58C300CFBBEA /* Solution.hpp */,
				04505471246EEB3F001C02B0 /* Util.cpp */,
				04505472246EEB3F001C02B0 /* Util.hpp */,
				04F969F32473147700CF3B68 /* result.txt */,
				0465D17E247BC8A7006CE739 /* Customer.cpp */,
				0465D17F247BC8A7006CE739 /* Customer.hpp */,
				0465D181247BD41B006CE739 /* Move.cpp */,
				0465D182247BD41B006CE739 /* Move.hpp */,
			);
			path = EVRP_STD;
			sourceTree = "<group>";
		};
/* End PBXGroup section */

/* Begin PBXNativeTarget section */
		045C0F03246D579C00CFBBEA /* EVRP_STD */ = {
			isa = PBXNativeTarget;
			buildConfigurationList = 045C0F0B246D579C00CFBBEA /* Build configuration list for PBXNativeTarget "EVRP_STD" */;
			buildPhases = (
				045C0F00246D579C00CFBBEA /* Sources */,
				045C0F01246D579C00CFBBEA /* Frameworks */,
				045C0F02246D579C00CFBBEA /* CopyFiles */,
				045C0F13246D9E9F00CFBBEA /* CopyFiles */,
			);
			buildRules = (
			);
			dependencies = (
			);
			name = EVRP_STD;
			productName = EVRP_STD;
			productReference = 045C0F04246D579C00CFBBEA /* EVRP_STD */;
			productType = "com.apple.product-type.tool";
		};
/* End PBXNativeTarget section */

/* Begin PBXProject section */
		045C0EFC246D579C00CFBBEA /* Project object */ = {
			isa = PBXProject;
			attributes = {
				LastUpgradeCheck = 1030;
				ORGANIZATIONNAME = MAC;
				TargetAttributes = {
					045C0F03246D579C00CFBBEA = {
						CreatedOnToolsVersion = 10.3;
					};
				};
			};
			buildConfigurationList = 045C0EFF246D579C00CFBBEA /* Build configuration list for PBXProject "EVRP_STD" */;
			compatibilityVersion = "Xcode 9.3";
			developmentRegion = en;
			hasScannedForEncodings = 0;
			knownRegions = (
				en,
			);
			mainGroup = 045C0EFB246D579C00CFBBEA;
			productRefGroup = 045C0F05246D579C00CFBBEA /* Products */;
			projectDirPath = "";
			projectRoot = "";
			targets = (
				045C0F03246D579C00CFBBEA /* EVRP_STD */,
			);
		};
/* End PBXProject section */

/* Begin PBXSourcesBuildPhase section */
		045C0F00246D579C00CFBBEA /* Sources */ = {
			isa = PBXSourcesBuildPhase;
			buildActionMask = 2147483647;
			files = (
				04505473246EEB3F001C02B0 /* Util.cpp in Sources */,
				045C0F10246D58C300CFBBEA /* Solution.cpp in Sources */,
				045C0F08246D579C00CFBBEA /* main.cpp in Sources */,
				0465D180247BC8A7006CE739 /* Customer.cpp in Sources */,
				0465D183247BD41B006CE739 /* Move.cpp in Sources */,
			);
			runOnlyForDeploymentPostprocessing = 0;
		};
/* End PBXSourcesBuildPhase section */

/* Begin XCBuildConfiguration section */
		045C0F09246D579C00CFBBEA /* Debug */ = {
			isa = XCBuildConfiguration;
			buildSettings = {
				ALWAYS_SEARCH_USER_PATHS = NO;
				CLANG_ANALYZER_NONNULL = YES;
				CLANG_ANALYZER_NUMBER_OBJECT_CONVERSION = YES_AGGRESSIVE;
				CLANG_CXX_LANGUAGE_STANDARD = "gnu++14";
				CLANG_CXX_LIBRARY = "libc++";
				CLANG_ENABLE_MODULES = YES;
				CLANG_ENABLE_OBJC_ARC = YES;
				CLANG_ENABLE_OBJC_WEAK = YES;
				CLANG_WARN_BLOCK_CAPTURE_AUTORELEASING = YES;
				CLANG_WARN_BOOL_CONVERSION = YES;
				CLANG_WARN_COMMA = YES;
				CLANG_WARN_CONSTANT_CONVERSION = YES;
				CLANG_WARN_DEPRECATED_OBJC_IMPLEMENTATIONS = YES;
				CLANG_WARN_DIRECT_OBJC_ISA_USAGE = YES_ERROR;
				CLANG_WARN_DOCUMENTATION_COMMENTS = YES;
				CLANG_WARN_EMPTY_BODY = YES;
				CLANG_WARN_ENUM_CONVERSION = YES;
				CLANG_WARN_INFINITE_RECURSION = YES;
				CLANG_WARN_INT_CONVERSION = YES;
				CLANG_WARN_NON_LITERAL_NULL_CONVERSION = YES;
				CLANG_WARN_OBJC_IMPLICIT_RETAIN_SELF = YES;
				CLANG_WARN_OBJC_LITERAL_CONVERSION = YES;
				CLANG_WARN_OBJC_ROOT_CLASS = YES_ERROR;
				CLANG_WARN_RANGE_LOOP_ANALYSIS = YES;
				CLANG_WARN_STRICT_PROTOTYPES = YES;
				CLANG_WARN_SUSPICIOUS_MOVE = YES;
				CLANG_WARN_UNGUARDED_AVAILABILITY = YES_AGGRESSIVE;
				CLANG_WARN_UNREACHABLE_CODE = YES;
				CLANG_WARN__DUPLICATE_METHOD_MATCH = YES;
				CODE_SIGN_IDENTITY = "-";
				COPY_PHASE_STRIP = NO;
				DEBUG_INFORMATION_FORMAT = dwarf;
				ENABLE_STRICT_OBJC_MSGSEND = YES;
				ENABLE_TESTABILITY = YES;
				GCC_C_LANGUAGE_STANDARD = gnu11;
				GCC_DYNAMIC_NO_PIC = NO;
				GCC_NO_COMMON_BLOCKS = YES;
				GCC_OPTIMIZATION_LEVEL = 0;
				GCC_PREPROCESSOR_DEFINITIONS = (
					"DEBUG=1",
					"$(inherited)",
				);
				GCC_WARN_64_TO_32_BIT_CONVERSION = YES;
				GCC_WARN_ABOUT_RETURN_TYPE = YES_ERROR;
				GCC_WARN_UNDECLARED_SELECTOR = YES;
				GCC_WARN_UNINITIALIZED_AUTOS = YES_AGGRESSIVE;
				GCC_WARN_UNUSED_FUNCTION = YES;
				GCC_WARN_UNUSED_VARIABLE = YES;
				MACOSX_DEPLOYMENT_TARGET = 10.14;
				MTL_ENABLE_DEBUG_INFO = INCLUDE_SOURCE;
				MTL_FAST_MATH = YES;
				ONLY_ACTIVE_ARCH = YES;
				SDKROOT = macosx;
			};
			name = Debug;
		};
		045C0F0A246D579C00CFBBEA /* Release */ = {
			isa = XCBuildConfiguration;
			buildSettings = {
				ALWAYS_SEARCH_USER_PATHS = NO;
				CLANG_ANALYZER_NONNULL = YES;
				CLANG_ANALYZER_NUMBER_OBJECT_CONVERSION = YES_AGGRESSIVE;
				CLANG_CXX_LANGUAGE_STANDARD = "gnu++14";
				CLANG_CXX_LIBRARY = "libc++";
				CLANG_ENABLE_MODULES = YES;
				CLANG_ENABLE_OBJC_ARC = YES;
				CLANG_ENABLE_OBJC_WEAK = YES;
				CLANG_WARN_BLOCK_CAPTURE_AUTORELEASING = YES;
				CLANG_WARN_BOOL_CONVERSION = YES;
				CLANG_WARN_COMMA = YES;
				CLANG_WARN_CONSTANT_CONVERSION = YES;
				CLANG_WARN_DEPRECATED_OBJC_IMPLEMENTATIONS = YES;
				CLANG_WARN_DIRECT_OBJC_ISA_USAGE = YES_ERROR;
				CLANG_WARN_DOCUMENTATION_COMMENTS = YES;
				CLANG_WARN_EMPTY_BODY = YES;
				CLANG_WARN_ENUM_CONVERSION = YES;
				CLANG_WARN_INFINITE_RECURSION = YES;
				CLANG_WARN_INT_CONVERSION = YES;
				CLANG_WARN_NON_LITERAL_NULL_CONVERSION = YES;
				CLANG_WARN_OBJC_IMPLICIT_RETAIN_SELF = YES;
				CLANG_WARN_OBJC_LITERAL_CONVERSION = YES;
				CLANG_WARN_OBJC_ROOT_CLASS = YES_ERROR;
				CLANG_WARN_RANGE_LOOP_ANALYSIS = YES;
				CLANG_WARN_STRICT_PROTOTYPES = YES;
				CLANG_WARN_SUSPICIOUS_MOVE = YES;
				CLANG_WARN_UNGUARDED_AVAILABILITY = YES_AGGRESSIVE;
				CLANG_WARN_UNREACHABLE_CODE = YES;
				CLANG_WARN__DUPLICATE_METHOD_MATCH = YES;
				CODE_SIGN_IDENTITY = "-";
				COPY_PHASE_STRIP = NO;
				DEBUG_INFORMATION_FORMAT = "dwarf-with-dsym";
				ENABLE_NS_ASSERTIONS = NO;
				ENABLE_STRICT_OBJC_MSGSEND = YES;
				GCC_C_LANGUAGE_STANDARD = gnu11;
				GCC_NO_COMMON_BLOCKS = YES;
				GCC_WARN_64_TO_32_BIT_CONVERSION = YES;
				GCC_WARN_ABOUT_RETURN_TYPE = YES_ERROR;
				GCC_WARN_UNDECLARED_SELECTOR = YES;
				GCC_WARN_UNINITIALIZED_AUTOS = YES_AGGRESSIVE;
				GCC_WARN_UNUSED_FUNCTION = YES;
				GCC_WARN_UNUSED_VARIABLE = YES;
				MACOSX_DEPLOYMENT_TARGET = 10.14;
				MTL_ENABLE_DEBUG_INFO = NO;
				MTL_FAST_MATH = YES;
				SDKROOT = macosx;
			};
			name = Release;
		};
		045C0F0C246D579C00CFBBEA /* Debug */ = {
			isa = XCBuildConfiguration;
			buildSettings = {
				CODE_SIGN_STYLE = Automatic;
				PRODUCT_NAME = "$(TARGET_NAME)";
			};
			name = Debug;
		};
		045C0F0D246D579C00CFBBEA /* Release */ = {
			isa = XCBuildConfiguration;
			buildSettings = {
				CODE_SIGN_STYLE = Automatic;
				PRODUCT_NAME = "$(TARGET_NAME)";
			};
			name = Release;
		};
/* End XCBuildConfiguration section */

/* Begin XCConfigurationList section */
		045C0EFF246D579C00CFBBEA /* Build configuration list for PBXProject "EVRP_STD" */ = {
			isa = XCConfigurationList;
			buildConfigurations = (
				045C0F09246D579C00CFBBEA /* Debug */,
				045C0F0A246D579C00CFBBEA /* Release */,
			);
			defaultConfigurationIsVisible = 0;
			defaultConfigurationName = Release;
		};
		045C0F0B246D579C00CFBBEA /* Build configuration list for PBXNativeTarget "EVRP_STD" */ = {
			isa = XCConfigurationList;
			buildConfigurations = (
				045C0F0C246D579C00CFBBEA /* Debug */,
				045C0F0D246D579C00CFBBEA /* Release */,
			);
			defaultConfigurationIsVisible = 0;
			defaultConfigurationName = Release;
		};
/* End XCConfigurationList section */
	};
	rootObject = 045C0EFC246D579C00CFBBEA /* Project object */;
}
